// !$*UTF8*$!
{
	archiveVersion = 1;
	classes = {
	};
	objectVersion = 51;
	objects = {

/* Begin PBXBuildFile section */
		00120A477CA6149725ABF6EE /* Pods_StudyHabitRecord.framework in Frameworks */ = {isa = PBXBuildFile; fileRef = B1F4B852847934F652CDF405 /* Pods_StudyHabitRecord.framework */; };
		2A3EF92C2428DA77005A698D /* AppDelegate.swift in Sources */ = {isa = PBXBuildFile; fileRef = 2A3EF92B2428DA77005A698D /* AppDelegate.swift */; };
		2A3EF92E2428DA77005A698D /* SceneDelegate.swift in Sources */ = {isa = PBXBuildFile; fileRef = 2A3EF92D2428DA77005A698D /* SceneDelegate.swift */; };
		2A3EF9302428DA77005A698D /* ViewController.swift in Sources */ = {isa = PBXBuildFile; fileRef = 2A3EF92F2428DA77005A698D /* ViewController.swift */; };
		2A3EF9332428DA77005A698D /* Main.storyboard in Resources */ = {isa = PBXBuildFile; fileRef = 2A3EF9312428DA77005A698D /* Main.storyboard */; };
		2A3EF9352428DA7B005A698D /* Assets.xcassets in Resources */ = {isa = PBXBuildFile; fileRef = 2A3EF9342428DA7B005A698D /* Assets.xcassets */; };
		2A3EF9382428DA7B005A698D /* LaunchScreen.storyboard in Resources */ = {isa = PBXBuildFile; fileRef = 2A3EF9362428DA7B005A698D /* LaunchScreen.storyboard */; };
		2A3EF940242B6A2C005A698D /* StudyContentsViewController.swift in Sources */ = {isa = PBXBuildFile; fileRef = 2A3EF93F242B6A2C005A698D /* StudyContentsViewController.swift */; };
		2A3EF942242B7062005A698D /* HomeViewController.swift in Sources */ = {isa = PBXBuildFile; fileRef = 2A3EF941242B7062005A698D /* HomeViewController.swift */; };
		2A3EF945242B7684005A698D /* ContentsTableViewCell.swift in Sources */ = {isa = PBXBuildFile; fileRef = 2A3EF943242B7684005A698D /* ContentsTableViewCell.swift */; };
		2A3EF946242B7684005A698D /* ContentsTableViewCell.xib in Resources */ = {isa = PBXBuildFile; fileRef = 2A3EF944242B7684005A698D /* ContentsTableViewCell.xib */; };
		2A4B2A25242E0937000426B5 /* Const.swift in Sources */ = {isa = PBXBuildFile; fileRef = 2A4B2A24242E0937000426B5 /* Const.swift */; };
		2A8A0F6D242E381600CEFC26 /* TabBarController.swift in Sources */ = {isa = PBXBuildFile; fileRef = 2A8A0F6C242E381600CEFC26 /* TabBarController.swift */; };
		2A8A0F6F242E3A9200CEFC26 /* LoginViewController.swift in Sources */ = {isa = PBXBuildFile; fileRef = 2A8A0F6E242E3A9200CEFC26 /* LoginViewController.swift */; };
		2A8A0F73242E406D00CEFC26 /* GoogleService-Info.plist in Resources */ = {isa = PBXBuildFile; fileRef = 2A8A0F72242E406D00CEFC26 /* GoogleService-Info.plist */; };
/* End PBXBuildFile section */

/* Begin PBXFileReference section */
		2A3EF9282428DA77005A698D /* StudyHabitRecord.app */ = {isa = PBXFileReference; explicitFileType = wrapper.application; includeInIndex = 0; path = StudyHabitRecord.app; sourceTree = BUILT_PRODUCTS_DIR; };
		2A3EF92B2428DA77005A698D /* AppDelegate.swift */ = {isa = PBXFileReference; lastKnownFileType = sourcecode.swift; path = AppDelegate.swift; sourceTree = "<group>"; };
		2A3EF92D2428DA77005A698D /* SceneDelegate.swift */ = {isa = PBXFileReference; lastKnownFileType = sourcecode.swift; path = SceneDelegate.swift; sourceTree = "<group>"; };
		2A3EF92F2428DA77005A698D /* ViewController.swift */ = {isa = PBXFileReference; lastKnownFileType = sourcecode.swift; path = ViewController.swift; sourceTree = "<group>"; };
		2A3EF9322428DA77005A698D /* Base */ = {isa = PBXFileReference; lastKnownFileType = file.storyboard; name = Base; path = Base.lproj/Main.storyboard; sourceTree = "<group>"; };
		2A3EF9342428DA7B005A698D /* Assets.xcassets */ = {isa = PBXFileReference; lastKnownFileType = folder.assetcatalog; path = Assets.xcassets; sourceTree = "<group>"; };
		2A3EF9372428DA7B005A698D /* Base */ = {isa = PBXFileReference; lastKnownFileType = file.storyboard; name = Base; path = Base.lproj/LaunchScreen.storyboard; sourceTree = "<group>"; };
		2A3EF9392428DA7B005A698D /* Info.plist */ = {isa = PBXFileReference; lastKnownFileType = text.plist.xml; path = Info.plist; sourceTree = "<group>"; };
		2A3EF93F242B6A2C005A698D /* StudyContentsViewController.swift */ = {isa = PBXFileReference; lastKnownFileType = sourcecode.swift; path = StudyContentsViewController.swift; sourceTree = "<group>"; };
		2A3EF941242B7062005A698D /* HomeViewController.swift */ = {isa = PBXFileReference; lastKnownFileType = sourcecode.swift; path = HomeViewController.swift; sourceTree = "<group>"; };
		2A3EF943242B7684005A698D /* ContentsTableViewCell.swift */ = {isa = PBXFileReference; lastKnownFileType = sourcecode.swift; path = ContentsTableViewCell.swift; sourceTree = "<group>"; };
		2A3EF944242B7684005A698D /* ContentsTableViewCell.xib */ = {isa = PBXFileReference; lastKnownFileType = file.xib; path = ContentsTableViewCell.xib; sourceTree = "<group>"; };
		2A4B2A24242E0937000426B5 /* Const.swift */ = {isa = PBXFileReference; lastKnownFileType = sourcecode.swift; path = Const.swift; sourceTree = "<group>"; };
		2A8A0F6C242E381600CEFC26 /* TabBarController.swift */ = {isa = PBXFileReference; lastKnownFileType = sourcecode.swift; path = TabBarController.swift; sourceTree = "<group>"; };
		2A8A0F6E242E3A9200CEFC26 /* LoginViewController.swift */ = {isa = PBXFileReference; lastKnownFileType = sourcecode.swift; path = LoginViewController.swift; sourceTree = "<group>"; };
		2A8A0F72242E406D00CEFC26 /* GoogleService-Info.plist */ = {isa = PBXFileReference; fileEncoding = 4; lastKnownFileType = text.plist.xml; path = "GoogleService-Info.plist"; sourceTree = "<group>"; };
		6AB16288553918036139A5A0 /* Pods-StudyHabitRecord.release.xcconfig */ = {isa = PBXFileReference; includeInIndex = 1; lastKnownFileType = text.xcconfig; name = "Pods-StudyHabitRecord.release.xcconfig"; path = "Target Support Files/Pods-StudyHabitRecord/Pods-StudyHabitRecord.release.xcconfig"; sourceTree = "<group>"; };
		9102CFF91C4F4E6FC5900A69 /* Pods-StudyHabitRecord.debug.xcconfig */ = {isa = PBXFileReference; includeInIndex = 1; lastKnownFileType = text.xcconfig; name = "Pods-StudyHabitRecord.debug.xcconfig"; path = "Target Support Files/Pods-StudyHabitRecord/Pods-StudyHabitRecord.debug.xcconfig"; sourceTree = "<group>"; };
		B1F4B852847934F652CDF405 /* Pods_StudyHabitRecord.framework */ = {isa = PBXFileReference; explicitFileType = wrapper.framework; includeInIndex = 0; path = Pods_StudyHabitRecord.framework; sourceTree = BUILT_PRODUCTS_DIR; };
/* End PBXFileReference section */

/* Begin PBXFrameworksBuildPhase section */
		2A3EF9252428DA77005A698D /* Frameworks */ = {
			isa = PBXFrameworksBuildPhase;
			buildActionMask = 2147483647;
			files = (
				00120A477CA6149725ABF6EE /* Pods_StudyHabitRecord.framework in Frameworks */,
			);
			runOnlyForDeploymentPostprocessing = 0;
		};
/* End PBXFrameworksBuildPhase section */

/* Begin PBXGroup section */
		09216078B13ACA26C9DB99CE /* Frameworks */ = {
			isa = PBXGroup;
			children = (
				B1F4B852847934F652CDF405 /* Pods_StudyHabitRecord.framework */,
			);
			name = Frameworks;
			sourceTree = "<group>";
		};
		1B8604E675482DC807060294 /* Pods */ = {
			isa = PBXGroup;
			children = (
				9102CFF91C4F4E6FC5900A69 /* Pods-StudyHabitRecord.debug.xcconfig */,
				6AB16288553918036139A5A0 /* Pods-StudyHabitRecord.release.xcconfig */,
			);
			path = Pods;
			sourceTree = "<group>";
		};
		2A3EF91F2428DA77005A698D = {
			isa = PBXGroup;
			children = (
				2A3EF92A2428DA77005A698D /* StudyHabitRecord */,
				2A3EF9292428DA77005A698D /* Products */,
				1B8604E675482DC807060294 /* Pods */,
				09216078B13ACA26C9DB99CE /* Frameworks */,
			);
			sourceTree = "<group>";
		};
		2A3EF9292428DA77005A698D /* Products */ = {
			isa = PBXGroup;
			children = (
				2A3EF9282428DA77005A698D /* StudyHabitRecord.app */,
			);
			name = Products;
			sourceTree = "<group>";
		};
		2A3EF92A2428DA77005A698D /* StudyHabitRecord */ = {
			isa = PBXGroup;
			children = (
				2A3EF92B2428DA77005A698D /* AppDelegate.swift */,
				2A3EF92D2428DA77005A698D /* SceneDelegate.swift */,
				2A3EF92F2428DA77005A698D /* ViewController.swift */,
				2A8A0F6E242E3A9200CEFC26 /* LoginViewController.swift */,
				2A8A0F6C242E381600CEFC26 /* TabBarController.swift */,
				2A3EF93F242B6A2C005A698D /* StudyContentsViewController.swift */,
				2A3EF941242B7062005A698D /* HomeViewController.swift */,
				2A3EF943242B7684005A698D /* ContentsTableViewCell.swift */,
				2A3EF944242B7684005A698D /* ContentsTableViewCell.xib */,
				2A3EF9312428DA77005A698D /* Main.storyboard */,
				2A4B2A24242E0937000426B5 /* Const.swift */,
				2A3EF9342428DA7B005A698D /* Assets.xcassets */,
				2A3EF9362428DA7B005A698D /* LaunchScreen.storyboard */,
				2A8A0F72242E406D00CEFC26 /* GoogleService-Info.plist */,
				2A3EF9392428DA7B005A698D /* Info.plist */,
			);
			path = StudyHabitRecord;
			sourceTree = "<group>";
		};
/* End PBXGroup section */

/* Begin PBXNativeTarget section */
		2A3EF9272428DA77005A698D /* StudyHabitRecord */ = {
			isa = PBXNativeTarget;
			buildConfigurationList = 2A3EF93C2428DA7B005A698D /* Build configuration list for PBXNativeTarget "StudyHabitRecord" */;
			buildPhases = (
				D016C18970EDE938CE6B6277 /* [CP] Check Pods Manifest.lock */,
				2A3EF9242428DA77005A698D /* Sources */,
				2A3EF9252428DA77005A698D /* Frameworks */,
				2A3EF9262428DA77005A698D /* Resources */,
				AF2824C3639EEAA6D6ACB153 /* [CP] Embed Pods Frameworks */,
				859BDE4648327051E31E1D2A /* [CP] Copy Pods Resources */,
			);
			buildRules = (
			);
			dependencies = (
			);
			name = StudyHabitRecord;
			productName = StudyHabitRecord;
			productReference = 2A3EF9282428DA77005A698D /* StudyHabitRecord.app */;
			productType = "com.apple.product-type.application";
		};
/* End PBXNativeTarget section */

/* Begin PBXProject section */
		2A3EF9202428DA77005A698D /* Project object */ = {
			isa = PBXProject;
			attributes = {
				LastSwiftUpdateCheck = 1110;
				LastUpgradeCheck = 1110;
				ORGANIZATIONNAME = ryuuya.itou;
				TargetAttributes = {
					2A3EF9272428DA77005A698D = {
						CreatedOnToolsVersion = 11.1;
					};
				};
			};
			buildConfigurationList = 2A3EF9232428DA77005A698D /* Build configuration list for PBXProject "StudyHabitRecord" */;
			compatibilityVersion = "Xcode 9.3";
			developmentRegion = en;
			hasScannedForEncodings = 0;
			knownRegions = (
				en,
				Base,
			);
			mainGroup = 2A3EF91F2428DA77005A698D;
			productRefGroup = 2A3EF9292428DA77005A698D /* Products */;
			projectDirPath = "";
			projectRoot = "";
			targets = (
				2A3EF9272428DA77005A698D /* StudyHabitRecord */,
			);
		};
/* End PBXProject section */

/* Begin PBXResourcesBuildPhase section */
		2A3EF9262428DA77005A698D /* Resources */ = {
			isa = PBXResourcesBuildPhase;
			buildActionMask = 2147483647;
			files = (
				2A3EF9382428DA7B005A698D /* LaunchScreen.storyboard in Resources */,
				2A3EF9352428DA7B005A698D /* Assets.xcassets in Resources */,
				2A8A0F73242E406D00CEFC26 /* GoogleService-Info.plist in Resources */,
				2A3EF9332428DA77005A698D /* Main.storyboard in Resources */,
				2A3EF946242B7684005A698D /* ContentsTableViewCell.xib in Resources */,
			);
			runOnlyForDeploymentPostprocessing = 0;
		};
/* End PBXResourcesBuildPhase section */

/* Begin PBXShellScriptBuildPhase section */
		859BDE4648327051E31E1D2A /* [CP] Copy Pods Resources */ = {
			isa = PBXShellScriptBuildPhase;
			buildActionMask = 2147483647;
			files = (
			);
			inputFileListPaths = (
				"${PODS_ROOT}/Target Support Files/Pods-StudyHabitRecord/Pods-StudyHabitRecord-resources-${CONFIGURATION}-input-files.xcfilelist",
			);
			name = "[CP] Copy Pods Resources";
			outputFileListPaths = (
				"${PODS_ROOT}/Target Support Files/Pods-StudyHabitRecord/Pods-StudyHabitRecord-resources-${CONFIGURATION}-output-files.xcfilelist",
			);
			runOnlyForDeploymentPostprocessing = 0;
			shellPath = /bin/sh;
			shellScript = "\"${PODS_ROOT}/Target Support Files/Pods-StudyHabitRecord/Pods-StudyHabitRecord-resources.sh\"\n";
			showEnvVarsInLog = 0;
		};
		AF2824C3639EEAA6D6ACB153 /* [CP] Embed Pods Frameworks */ = {
			isa = PBXShellScriptBuildPhase;
			buildActionMask = 2147483647;
			files = (
			);
			inputFileListPaths = (
				"${PODS_ROOT}/Target Support Files/Pods-StudyHabitRecord/Pods-StudyHabitRecord-frameworks-${CONFIGURATION}-input-files.xcfilelist",
			);
			name = "[CP] Embed Pods Frameworks";
			outputFileListPaths = (
				"${PODS_ROOT}/Target Support Files/Pods-StudyHabitRecord/Pods-StudyHabitRecord-frameworks-${CONFIGURATION}-output-files.xcfilelist",
			);
			runOnlyForDeploymentPostprocessing = 0;
			shellPath = /bin/sh;
			shellScript = "\"${PODS_ROOT}/Target Support Files/Pods-StudyHabitRecord/Pods-StudyHabitRecord-frameworks.sh\"\n";
			showEnvVarsInLog = 0;
		};
		D016C18970EDE938CE6B6277 /* [CP] Check Pods Manifest.lock */ = {
			isa = PBXShellScriptBuildPhase;
			buildActionMask = 2147483647;
			files = (
			);
			inputFileListPaths = (
			);
			inputPaths = (
				"${PODS_PODFILE_DIR_PATH}/Podfile.lock",
				"${PODS_ROOT}/Manifest.lock",
			);
			name = "[CP] Check Pods Manifest.lock";
			outputFileListPaths = (
			);
			outputPaths = (
				"$(DERIVED_FILE_DIR)/Pods-StudyHabitRecord-checkManifestLockResult.txt",
			);
			runOnlyForDeploymentPostprocessing = 0;
			shellPath = /bin/sh;
			shellScript = "diff \"${PODS_PODFILE_DIR_PATH}/Podfile.lock\" \"${PODS_ROOT}/Manifest.lock\" > /dev/null\nif [ $? != 0 ] ; then\n    # print error to STDERR\n    echo \"error: The sandbox is not in sync with the Podfile.lock. Run 'pod install' or update your CocoaPods installation.\" >&2\n    exit 1\nfi\n# This output is used by Xcode 'outputs' to avoid re-running this script phase.\necho \"SUCCESS\" > \"${SCRIPT_OUTPUT_FILE_0}\"\n";
			showEnvVarsInLog = 0;
		};
/* End PBXShellScriptBuildPhase section */

/* Begin PBXSourcesBuildPhase section */
		2A3EF9242428DA77005A698D /* Sources */ = {
			isa = PBXSourcesBuildPhase;
			buildActionMask = 2147483647;
			files = (
				2A8A0F6F242E3A9200CEFC26 /* LoginViewController.swift in Sources */,
				2A3EF942242B7062005A698D /* HomeViewController.swift in Sources */,
				2A8A0F6D242E381600CEFC26 /* TabBarController.swift in Sources */,
				2A3EF9302428DA77005A698D /* ViewController.swift in Sources */,
				2A3EF92C2428DA77005A698D /* AppDelegate.swift in Sources */,
				2A3EF945242B7684005A698D /* ContentsTableViewCell.swift in Sources */,
				2A3EF940242B6A2C005A698D /* StudyContentsViewController.swift in Sources */,
				2A3EF92E2428DA77005A698D /* SceneDelegate.swift in Sources */,
				2A4B2A25242E0937000426B5 /* Const.swift in Sources */,
			);
			runOnlyForDeploymentPostprocessing = 0;
		};
/* End PBXSourcesBuildPhase section */

/* Begin PBXVariantGroup section */
		2A3EF9312428DA77005A698D /* Main.storyboard */ = {
			isa = PBXVariantGroup;
			children = (
				2A3EF9322428DA77005A698D /* Base */,
			);
			name = Main.storyboard;
			sourceTree = "<group>";
		};
		2A3EF9362428DA7B005A698D /* LaunchScreen.storyboard */ = {
			isa = PBXVariantGroup;
			children = (
				2A3EF9372428DA7B005A698D /* Base */,
			);
			name = LaunchScreen.storyboard;
			sourceTree = "<group>";
		};
/* End PBXVariantGroup section */

/* Begin XCBuildConfiguration section */
		2A3EF93A2428DA7B005A698D /* Debug */ = {
			isa = XCBuildConfiguration;
			buildSettings = {
				ALWAYS_SEARCH_USER_PATHS = NO;
				CLANG_ANALYZER_NONNULL = YES;
				CLANG_ANALYZER_NUMBER_OBJECT_CONVERSION = YES_AGGRESSIVE;
				CLANG_CXX_LANGUAGE_STANDARD = "gnu++14";
				CLANG_CXX_LIBRARY = "libc++";
				CLANG_ENABLE_MODULES = YES;
				CLANG_ENABLE_OBJC_ARC = YES;
				CLANG_ENABLE_OBJC_WEAK = YES;
				CLANG_WARN_BLOCK_CAPTURE_AUTORELEASING = YES;
				CLANG_WARN_BOOL_CONVERSION = YES;
				CLANG_WARN_COMMA = YES;
				CLANG_WARN_CONSTANT_CONVERSION = YES;
				CLANG_WARN_DEPRECATED_OBJC_IMPLEMENTATIONS = YES;
				CLANG_WARN_DIRECT_OBJC_ISA_USAGE = YES_ERROR;
				CLANG_WARN_DOCUMENTATION_COMMENTS = YES;
				CLANG_WARN_EMPTY_BODY = YES;
				CLANG_WARN_ENUM_CONVERSION = YES;
				CLANG_WARN_INFINITE_RECURSION = YES;
				CLANG_WARN_INT_CONVERSION = YES;
				CLANG_WARN_NON_LITERAL_NULL_CONVERSION = YES;
				CLANG_WARN_OBJC_IMPLICIT_RETAIN_SELF = YES;
				CLANG_WARN_OBJC_LITERAL_CONVERSION = YES;
				CLANG_WARN_OBJC_ROOT_CLASS = YES_ERROR;
				CLANG_WARN_RANGE_LOOP_ANALYSIS = YES;
				CLANG_WARN_STRICT_PROTOTYPES = YES;
				CLANG_WARN_SUSPICIOUS_MOVE = YES;
				CLANG_WARN_UNGUARDED_AVAILABILITY = YES_AGGRESSIVE;
				CLANG_WARN_UNREACHABLE_CODE = YES;
				CLANG_WARN__DUPLICATE_METHOD_MATCH = YES;
				COPY_PHASE_STRIP = NO;
				DEBUG_INFORMATION_FORMAT = dwarf;
				ENABLE_STRICT_OBJC_MSGSEND = YES;
				ENABLE_TESTABILITY = YES;
				GCC_C_LANGUAGE_STANDARD = gnu11;
				GCC_DYNAMIC_NO_PIC = NO;
				GCC_NO_COMMON_BLOCKS = YES;
				GCC_OPTIMIZATION_LEVEL = 0;
				GCC_PREPROCESSOR_DEFINITIONS = (
					"DEBUG=1",
					"$(inherited)",
				);
				GCC_WARN_64_TO_32_BIT_CONVERSION = YES;
				GCC_WARN_ABOUT_RETURN_TYPE = YES_ERROR;
				GCC_WARN_UNDECLARED_SELECTOR = YES;
				GCC_WARN_UNINITIALIZED_AUTOS = YES_AGGRESSIVE;
				GCC_WARN_UNUSED_FUNCTION = YES;
				GCC_WARN_UNUSED_VARIABLE = YES;
				IPHONEOS_DEPLOYMENT_TARGET = 13.1;
				MTL_ENABLE_DEBUG_INFO = INCLUDE_SOURCE;
				MTL_FAST_MATH = YES;
				ONLY_ACTIVE_ARCH = YES;
				SDKROOT = iphoneos;
				SWIFT_ACTIVE_COMPILATION_CONDITIONS = DEBUG;
				SWIFT_OPTIMIZATION_LEVEL = "-Onone";
			};
			name = Debug;
		};
		2A3EF93B2428DA7B005A698D /* Release */ = {
			isa = XCBuildConfiguration;
			buildSettings = {
				ALWAYS_SEARCH_USER_PATHS = NO;
				CLANG_ANALYZER_NONNULL = YES;
				CLANG_ANALYZER_NUMBER_OBJECT_CONVERSION = YES_AGGRESSIVE;
				CLANG_CXX_LANGUAGE_STANDARD = "gnu++14";
				CLANG_CXX_LIBRARY = "libc++";
				CLANG_ENABLE_MODULES = YES;
				CLANG_ENABLE_OBJC_ARC = YES;
				CLANG_ENABLE_OBJC_WEAK = YES;
				CLANG_WARN_BLOCK_CAPTURE_AUTORELEASING = YES;
				CLANG_WARN_BOOL_CONVERSION = YES;
				CLANG_WARN_COMMA = YES;
				CLANG_WARN_CONSTANT_CONVERSION = YES;
				CLANG_WARN_DEPRECATED_OBJC_IMPLEMENTATIONS = YES;
				CLANG_WARN_DIRECT_OBJC_ISA_USAGE = YES_ERROR;
				CLANG_WARN_DOCUMENTATION_COMMENTS = YES;
				CLANG_WARN_EMPTY_BODY = YES;
				CLANG_WARN_ENUM_CONVERSION = YES;
				CLANG_WARN_INFINITE_RECURSION = YES;
				CLANG_WARN_INT_CONVERSION = YES;
				CLANG_WARN_NON_LITERAL_NULL_CONVERSION = YES;
				CLANG_WARN_OBJC_IMPLICIT_RETAIN_SELF = YES;
				CLANG_WARN_OBJC_LITERAL_CONVERSION = YES;
				CLANG_WARN_OBJC_ROOT_CLASS = YES_ERROR;
				CLANG_WARN_RANGE_LOOP_ANALYSIS = YES;
				CLANG_WARN_STRICT_PROTOTYPES = YES;
				CLANG_WARN_SUSPICIOUS_MOVE = YES;
				CLANG_WARN_UNGUARDED_AVAILABILITY = YES_AGGRESSIVE;
				CLANG_WARN_UNREACHABLE_CODE = YES;
				CLANG_WARN__DUPLICATE_METHOD_MATCH = YES;
				COPY_PHASE_STRIP = NO;
				DEBUG_INFORMATION_FORMAT = "dwarf-with-dsym";
				ENABLE_NS_ASSERTIONS = NO;
				ENABLE_STRICT_OBJC_MSGSEND = YES;
				GCC_C_LANGUAGE_STANDARD = gnu11;
				GCC_NO_COMMON_BLOCKS = YES;
				GCC_WARN_64_TO_32_BIT_CONVERSION = YES;
				GCC_WARN_ABOUT_RETURN_TYPE = YES_ERROR;
				GCC_WARN_UNDECLARED_SELECTOR = YES;
				GCC_WARN_UNINITIALIZED_AUTOS = YES_AGGRESSIVE;
				GCC_WARN_UNUSED_FUNCTION = YES;
				GCC_WARN_UNUSED_VARIABLE = YES;
				IPHONEOS_DEPLOYMENT_TARGET = 13.1;
				MTL_ENABLE_DEBUG_INFO = NO;
				MTL_FAST_MATH = YES;
				SDKROOT = iphoneos;
				SWIFT_COMPILATION_MODE = wholemodule;
				SWIFT_OPTIMIZATION_LEVEL = "-O";
				VALIDATE_PRODUCT = YES;
			};
			name = Release;
		};
		2A3EF93D2428DA7B005A698D /* Debug */ = {
			isa = XCBuildConfiguration;
			baseConfigurationReference = 9102CFF91C4F4E6FC5900A69 /* Pods-StudyHabitRecord.debug.xcconfig */;
			buildSettings = {
				ASSETCATALOG_COMPILER_APPICON_NAME = AppIcon;
				CODE_SIGN_STYLE = Automatic;
				DEVELOPMENT_TEAM = L9JFP9TTPR;
				INFOPLIST_FILE = StudyHabitRecord/Info.plist;
				LD_RUNPATH_SEARCH_PATHS = (
					"$(inherited)",
					"@executable_path/Frameworks",
				);
				PRODUCT_BUNDLE_IDENTIFIER = jp.techacademy.ryuuya.itou.StudyHabitRecord;
				PRODUCT_NAME = "$(TARGET_NAME)";
				SWIFT_VERSION = 5.0;
				TARGETED_DEVICE_FAMILY = "1,2";
			};
			name = Debug;
		};
		2A3EF93E2428DA7B005A698D /* Release */ = {
			isa = XCBuildConfiguration;
			baseConfigurationReference = 6AB16288553918036139A5A0 /* Pods-StudyHabitRecord.release.xcconfig */;
			buildSettings = {
				ASSETCATALOG_COMPILER_APPICON_NAME = AppIcon;
				CODE_SIGN_STYLE = Automatic;
				DEVELOPMENT_TEAM = L9JFP9TTPR;
				INFOPLIST_FILE = StudyHabitRecord/Info.plist;
				LD_RUNPATH_SEARCH_PATHS = (
					"$(inherited)",
					"@executable_path/Frameworks",
				);
				PRODUCT_BUNDLE_IDENTIFIER = jp.techacademy.ryuuya.itou.StudyHabitRecord;
				PRODUCT_NAME = "$(TARGET_NAME)";
				SWIFT_VERSION = 5.0;
				TARGETED_DEVICE_FAMILY = "1,2";
			};
			name = Release;
		};
/* End XCBuildConfiguration section */

/* Begin XCConfigurationList section */
		2A3EF9232428DA77005A698D /* Build configuration list for PBXProject "StudyHabitRecord" */ = {
			isa = XCConfigurationList;
			buildConfigurations = (
				2A3EF93A2428DA7B005A698D /* Debug */,
				2A3EF93B2428DA7B005A698D /* Release */,
			);
			defaultConfigurationIsVisible = 0;
			defaultConfigurationName = Release;
		};
		2A3EF93C2428DA7B005A698D /* Build configuration list for PBXNativeTarget "StudyHabitRecord" */ = {
			isa = XCConfigurationList;
			buildConfigurations = (
				2A3EF93D2428DA7B005A698D /* Debug */,
				2A3EF93E2428DA7B005A698D /* Release */,
			);
			defaultConfigurationIsVisible = 0;
			defaultConfigurationName = Release;
		};
/* End XCConfigurationList section */
	};
	rootObject = 2A3EF9202428DA77005A698D /* Project object */;
}
